<?xml version="1.0" encoding="utf-8"?>
<Project ToolsVersion="4.0" xmlns="http://schemas.microsoft.com/developer/msbuild/2003">
  <ItemGroup>
    <Filter Include="소스 파일">
      <UniqueIdentifier>{4FC737F1-C7A5-4376-A066-2A32D752A2FF}</UniqueIdentifier>
      <Extensions>cpp;c;cc;cxx;c++;cppm;ixx;def;odl;idl;hpj;bat;asm;asmx</Extensions>
    </Filter>
    <Filter Include="헤더 파일">
      <UniqueIdentifier>{93995380-89BD-4b04-88EB-625FBE52EBFB}</UniqueIdentifier>
      <Extensions>h;hh;hpp;hxx;h++;hm;inl;inc;ipp;xsd</Extensions>
    </Filter>
    <Filter Include="리소스 파일">
      <UniqueIdentifier>{67DA6AB6-F800-4c08-8B7A-83BB121AAD01}</UniqueIdentifier>
      <Extensions>rc;ico;cur;bmp;dlg;rc2;rct;bin;rgs;gif;jpg;jpeg;jpe;resx;tiff;tif;png;wav;mfcribbon-ms</Extensions>
    </Filter>
    <Filter Include="헤더 파일\Frame">
      <UniqueIdentifier>{a5672baf-28c0-425b-96a5-baebdd7876fb}</UniqueIdentifier>
    </Filter>
    <Filter Include="헤더 파일\Utility">
      <UniqueIdentifier>{0af32de0-ea00-418d-9399-6a9828a8b716}</UniqueIdentifier>
    </Filter>
    <Filter Include="헤더 파일\UI">
      <UniqueIdentifier>{b792d9e6-7955-4957-b6cf-b72e49e36525}</UniqueIdentifier>
    </Filter>
    <Filter Include="헤더 파일\Component">
      <UniqueIdentifier>{9085bfee-6ba4-4c4e-a0b1-8b710ecd092d}</UniqueIdentifier>
    </Filter>
    <Filter Include="헤더 파일\Object">
      <UniqueIdentifier>{38ff4baf-3c48-4688-b7c3-1b4e837e5287}</UniqueIdentifier>
    </Filter>
    <Filter Include="헤더 파일\Resource">
      <UniqueIdentifier>{f20206c3-a1b7-4627-8429-6422f1e28041}</UniqueIdentifier>
    </Filter>
    <Filter Include="헤더 파일\Component\Render">
      <UniqueIdentifier>{d269dee2-fbb8-47ce-8d7e-0aba8627b370}</UniqueIdentifier>
    </Filter>
    <Filter Include="헤더 파일\Manager">
      <UniqueIdentifier>{fbabf2e2-c2f2-41b4-853d-5a99d8802541}</UniqueIdentifier>
    </Filter>
    <Filter Include="헤더 파일\___TEST___">
      <UniqueIdentifier>{7cebb97a-16b4-4e72-aee6-afea3d743b9f}</UniqueIdentifier>
    </Filter>
    <Filter Include="헤더 파일\___TEST___\UI">
      <UniqueIdentifier>{bc88f704-323e-4a67-bcd3-85876145bb4d}</UniqueIdentifier>
    </Filter>
    <Filter Include="헤더 파일\___TEST___\Scenes">
      <UniqueIdentifier>{223e2b1e-1082-40aa-9e85-44851a91d8c6}</UniqueIdentifier>
    </Filter>
    <Filter Include="소스 파일\___TEST___">
      <UniqueIdentifier>{a05d2946-8868-4012-b37c-e5f9d0f625ed}</UniqueIdentifier>
    </Filter>
    <Filter Include="소스 파일\source">
      <UniqueIdentifier>{82567603-e5a9-4599-9872-dd52d45866f5}</UniqueIdentifier>
    </Filter>
    <Filter Include="헤더 파일\___TEST___\Objects">
      <UniqueIdentifier>{4825aceb-b4b7-4f7d-a3b6-a6263345b380}</UniqueIdentifier>
    </Filter>
    <Filter Include="헤더 파일\External">
      <UniqueIdentifier>{9e6b3380-ae95-4adf-94d5-ab7b027ecf0c}</UniqueIdentifier>
    </Filter>
    <Filter Include="헤더 파일\Component\Audio">
      <UniqueIdentifier>{9cc34ca4-3ba4-4d71-9e10-9d9e6a48fecc}</UniqueIdentifier>
    </Filter>
    <Filter Include="헤더 파일\___TEST___\Scripts">
      <UniqueIdentifier>{2e31237b-3c31-4e5a-aeb0-924323bb1dcd}</UniqueIdentifier>
    </Filter>
    <Filter Include="헤더 파일\Component\Collider">
      <UniqueIdentifier>{7e443ba0-ef82-40ca-b6a8-fc81e922a2f1}</UniqueIdentifier>
    </Filter>
    <Filter Include="헤더 파일\___TEST___\Components">
      <UniqueIdentifier>{aa11abce-da12-471e-9d9e-b273277ffc18}</UniqueIdentifier>
    </Filter>
    <Filter Include="헤더 파일\Scenes">
      <UniqueIdentifier>{e983beb5-1a13-4002-a8da-54438d64b754}</UniqueIdentifier>
    </Filter>
    <Filter Include="헤더 파일\__SDV__">
      <UniqueIdentifier>{e76bc66a-9542-48b1-bfef-c3ca6c1eee82}</UniqueIdentifier>
    </Filter>
    <Filter Include="소스 파일\__SDV__">
      <UniqueIdentifier>{4fcad3da-8d33-4df4-b1ad-3200e851df76}</UniqueIdentifier>
    </Filter>
    <Filter Include="헤더 파일\__SDV__\Component">
      <UniqueIdentifier>{46d2524a-ecdc-46f5-98c6-a2e9526c79b7}</UniqueIdentifier>
    </Filter>
    <Filter Include="헤더 파일\__SDV__\Script">
      <UniqueIdentifier>{623fc324-cd55-4e31-bf0b-b9232d680055}</UniqueIdentifier>
    </Filter>
    <Filter Include="헤더 파일\__SDV__\Object">
      <UniqueIdentifier>{5e8871da-cc66-437c-8ccf-859dc89f7f7b}</UniqueIdentifier>
    </Filter>
    <Filter Include="헤더 파일\__SDV__\Object\Tree">
      <UniqueIdentifier>{cc0701fe-eeda-4f25-a438-3360971b98e5}</UniqueIdentifier>
    </Filter>
  </ItemGroup>
  <ItemGroup>
    <ClInclude Include="framework.h">
      <Filter>헤더 파일</Filter>
    </ClInclude>
    <ClInclude Include="targetver.h">
      <Filter>헤더 파일</Filter>
    </ClInclude>
    <ClInclude Include="DM_Engine.h">
      <Filter>헤더 파일\Frame</Filter>
    </ClInclude>
    <ClInclude Include="DM_Window.h">
      <Filter>헤더 파일\Frame</Filter>
    </ClInclude>
    <ClInclude Include="DM_WndProcs.h">
      <Filter>헤더 파일\Utility</Filter>
    </ClInclude>
    <ClInclude Include="DM_Math.h">
      <Filter>헤더 파일\Utility</Filter>
    </ClInclude>
    <ClInclude Include="DM_Application.h">
      <Filter>헤더 파일\Frame</Filter>
    </ClInclude>
    <ClInclude Include="DM_Entity.h">
      <Filter>헤더 파일\Frame</Filter>
    </ClInclude>
    <ClInclude Include="DM_UI_Frame.h">
      <Filter>헤더 파일\UI</Filter>
    </ClInclude>
    <ClInclude Include="DM_Input.h">
      <Filter>헤더 파일\Utility</Filter>
    </ClInclude>
    <ClInclude Include="DM_UI_Button.h">
      <Filter>헤더 파일\UI</Filter>
    </ClInclude>
    <ClInclude Include="DM_RandomGenerator.h">
      <Filter>헤더 파일\Utility</Filter>
    </ClInclude>
    <ClInclude Include="DM_Component.h">
      <Filter>헤더 파일\Component</Filter>
    </ClInclude>
    <ClInclude Include="DM_GameObject.h">
      <Filter>헤더 파일\Object</Filter>
    </ClInclude>
    <ClInclude Include="DM_Resource.h">
      <Filter>헤더 파일\Resource</Filter>
    </ClInclude>
    <ClInclude Include="Resource.h">
      <Filter>헤더 파일</Filter>
    </ClInclude>
    <ClInclude Include="DM_Texture.h">
      <Filter>헤더 파일\Resource</Filter>
    </ClInclude>
    <ClInclude Include="DM_RenderComponent.h">
      <Filter>헤더 파일\Component\Render</Filter>
    </ClInclude>
    <ClInclude Include="DM_Sprite.h">
      <Filter>헤더 파일\Resource</Filter>
    </ClInclude>
    <ClInclude Include="DM_SpriteRenderer.h">
      <Filter>헤더 파일\Component\Render</Filter>
    </ClInclude>
    <ClInclude Include="DM_Layer.h">
      <Filter>헤더 파일\Frame</Filter>
    </ClInclude>
    <ClInclude Include="DM_Scene.h">
      <Filter>헤더 파일\Frame</Filter>
    </ClInclude>
    <ClInclude Include="Test_UI_Status.h">
      <Filter>헤더 파일\___TEST___\UI</Filter>
    </ClInclude>
    <ClInclude Include="DM_ResourceManager.h">
      <Filter>헤더 파일\Manager</Filter>
    </ClInclude>
    <ClInclude Include="DM_UI_Manager.h">
      <Filter>헤더 파일\Manager</Filter>
    </ClInclude>
    <ClInclude Include="DM_SceneManager.h">
      <Filter>헤더 파일\Manager</Filter>
    </ClInclude>
    <ClInclude Include="Test_TestScene.h">
      <Filter>헤더 파일\___TEST___\Scenes</Filter>
    </ClInclude>
    <ClInclude Include="DM_Time.h">
      <Filter>헤더 파일\Utility</Filter>
    </ClInclude>
    <ClInclude Include="DM_Animation.h">
      <Filter>헤더 파일\Resource</Filter>
    </ClInclude>
    <ClInclude Include="DM_AnimationRenderer.h">
      <Filter>헤더 파일\Component\Render</Filter>
    </ClInclude>
    <ClInclude Include="DM_GameLoadManager.h">
      <Filter>헤더 파일\Manager</Filter>
    </ClInclude>
    <ClInclude Include="Test_TestObject.h">
      <Filter>헤더 파일\___TEST___\Objects</Filter>
    </ClInclude>
    <ClInclude Include="DM_Engine_Macro.h">
      <Filter>헤더 파일</Filter>
    </ClInclude>
    <ClInclude Include="DM_FMod.h">
      <Filter>헤더 파일\External</Filter>
    </ClInclude>
    <ClInclude Include="DM_gdiplus.h">
      <Filter>헤더 파일\External</Filter>
    </ClInclude>
    <ClInclude Include="DM_Audio.h">
      <Filter>헤더 파일\Resource</Filter>
    </ClInclude>
    <ClInclude Include="DM_AudioComponent.h">
      <Filter>헤더 파일\Component\Audio</Filter>
    </ClInclude>
    <ClInclude Include="DM_AudioListener.h">
      <Filter>헤더 파일\Component\Audio</Filter>
    </ClInclude>
    <ClInclude Include="DM_AudioSource.h">
      <Filter>헤더 파일\Component\Audio</Filter>
    </ClInclude>
    <ClInclude Include="DM_Enums.h">
      <Filter>헤더 파일</Filter>
    </ClInclude>
    <ClInclude Include="Test_PlayerScript.h">
      <Filter>헤더 파일\___TEST___\Scripts</Filter>
    </ClInclude>
    <ClInclude Include="Test_Player.h">
      <Filter>헤더 파일\___TEST___\Objects</Filter>
    </ClInclude>
    <ClInclude Include="DM_ScriptComponent.h">
      <Filter>헤더 파일\Component</Filter>
    </ClInclude>
    <ClInclude Include="DM_TransformComponent.h">
      <Filter>헤더 파일\Component</Filter>
    </ClInclude>
    <ClInclude Include="DM_RigidBodyComponent.h">
      <Filter>헤더 파일\Component</Filter>
    </ClInclude>
    <ClInclude Include="DM_CollisionManager.h">
      <Filter>헤더 파일\Manager</Filter>
    </ClInclude>
    <ClInclude Include="DM_ColliderComponent.h">
      <Filter>헤더 파일\Component\Collider</Filter>
    </ClInclude>
    <ClInclude Include="DM_Collider_Box2D.h">
      <Filter>헤더 파일\Component\Collider</Filter>
    </ClInclude>
    <ClInclude Include="Test_KeybindComponent.h">
      <Filter>헤더 파일\___TEST___\Components</Filter>
    </ClInclude>
    <ClInclude Include="Test_Enums.h">
      <Filter>헤더 파일\___TEST___</Filter>
    </ClInclude>
    <ClInclude Include="Test_Macros.h">
      <Filter>헤더 파일\___TEST___</Filter>
    </ClInclude>
    <ClInclude Include="Test_Framework.h">
      <Filter>헤더 파일\___TEST___</Filter>
    </ClInclude>
    <ClInclude Include="DM_Utility.h">
      <Filter>헤더 파일\Utility</Filter>
    </ClInclude>
    <ClInclude Include="Test_GameStateComponent.h">
      <Filter>헤더 파일\___TEST___\Components</Filter>
    </ClInclude>
    <ClInclude Include="DM_Camera.h">
      <Filter>헤더 파일\Object</Filter>
    </ClInclude>
    <ClInclude Include="DM_EditorScene.h">
      <Filter>헤더 파일\Scenes</Filter>
    </ClInclude>
    <ClInclude Include="SDV_Enums.h">
      <Filter>헤더 파일\__SDV__</Filter>
    </ClInclude>
    <ClInclude Include="SDV_Framework.h">
      <Filter>헤더 파일\__SDV__</Filter>
    </ClInclude>
    <ClInclude Include="SDV_Macros.h">
      <Filter>헤더 파일\__SDV__</Filter>
    </ClInclude>
    <ClInclude Include="SDV_Pawn.h">
      <Filter>헤더 파일\__SDV__\Object</Filter>
    </ClInclude>
    <ClInclude Include="SDV_GameStateComponent.h">
      <Filter>헤더 파일\__SDV__\Component</Filter>
    </ClInclude>
    <ClInclude Include="SDV_KeybindComponent.h">
      <Filter>헤더 파일\__SDV__\Component</Filter>
    </ClInclude>
    <ClInclude Include="SDV_Player.h">
      <Filter>헤더 파일\__SDV__\Object</Filter>
    </ClInclude>
    <ClInclude Include="SDV_PlayerScript.h">
      <Filter>헤더 파일\__SDV__\Script</Filter>
    </ClInclude>
    <ClInclude Include="SDV_TileObject.h">
      <Filter>헤더 파일\__SDV__\Object</Filter>
    </ClInclude>
    <ClInclude Include="SDV_Tree.h">
      <Filter>헤더 파일\__SDV__\Object\Tree</Filter>
    </ClInclude>
    <ClInclude Include="SDV_OakTree.h">
      <Filter>헤더 파일\__SDV__\Object\Tree</Filter>
    </ClInclude>
    <ClInclude Include="SDV_Tile.h">
      <Filter>헤더 파일\__SDV__\Object</Filter>
    </ClInclude>
    <ClInclude Include="DM_Container2D.h">
      <Filter>헤더 파일\Utility</Filter>
    </ClInclude>
    <ClInclude Include="DM_PerformanceChecker.h">
      <Filter>헤더 파일\Utility</Filter>
    </ClInclude>
  </ItemGroup>
  <ItemGroup>
    <ClCompile Include="Test_UI_Status.cpp">
      <Filter>소스 파일\___TEST___</Filter>
    </ClCompile>
    <ClCompile Include="Test_TestScene.cpp">
      <Filter>소스 파일\___TEST___</Filter>
    </ClCompile>
    <ClCompile Include="DM_Application.cpp">
      <Filter>소스 파일\source</Filter>
    </ClCompile>
    <ClCompile Include="DM_Component.cpp">
      <Filter>소스 파일\source</Filter>
    </ClCompile>
    <ClCompile Include="DM_Engine.cpp">
      <Filter>소스 파일\source</Filter>
    </ClCompile>
    <ClCompile Include="DM_GameObject.cpp">
      <Filter>소스 파일\source</Filter>
    </ClCompile>
    <ClCompile Include="DM_Input.cpp">
      <Filter>소스 파일\source</Filter>
    </ClCompile>
    <ClCompile Include="DM_Layer.cpp">
      <Filter>소스 파일\source</Filter>
    </ClCompile>
    <ClCompile Include="DM_Math.cpp">
      <Filter>소스 파일\source</Filter>
    </ClCompile>
    <ClCompile Include="DM_RandomGenerator.cpp">
      <Filter>소스 파일\source</Filter>
    </ClCompile>
    <ClCompile Include="DM_RenderComponent.cpp">
      <Filter>소스 파일\source</Filter>
    </ClCompile>
    <ClCompile Include="DM_Resource.cpp">
      <Filter>소스 파일\source</Filter>
    </ClCompile>
    <ClCompile Include="DM_ResourceManager.cpp">
      <Filter>소스 파일\source</Filter>
    </ClCompile>
    <ClCompile Include="DM_Scene.cpp">
      <Filter>소스 파일\source</Filter>
    </ClCompile>
    <ClCompile Include="DM_SceneManager.cpp">
      <Filter>소스 파일\source</Filter>
    </ClCompile>
    <ClCompile Include="DM_SpriteRenderer.cpp">
      <Filter>소스 파일\source</Filter>
    </ClCompile>
    <ClCompile Include="DM_Texture.cpp">
      <Filter>소스 파일\source</Filter>
    </ClCompile>
    <ClCompile Include="DM_TransformComponent.cpp">
      <Filter>소스 파일\source</Filter>
    </ClCompile>
    <ClCompile Include="DM_UI_Button.cpp">
      <Filter>소스 파일\source</Filter>
    </ClCompile>
    <ClCompile Include="DM_UI_Frame.cpp">
      <Filter>소스 파일\source</Filter>
    </ClCompile>
    <ClCompile Include="DM_UI_Manager.cpp">
      <Filter>소스 파일\source</Filter>
    </ClCompile>
    <ClCompile Include="DM_Window.cpp">
      <Filter>소스 파일\source</Filter>
    </ClCompile>
    <ClCompile Include="DM_WndProcs.cpp">
      <Filter>소스 파일\source</Filter>
    </ClCompile>
    <ClCompile Include="DM_Time.cpp">
      <Filter>소스 파일\source</Filter>
    </ClCompile>
    <ClCompile Include="DM_Animation.cpp">
      <Filter>소스 파일\source</Filter>
    </ClCompile>
    <ClCompile Include="DM_AnimationRenderer.cpp">
      <Filter>소스 파일\source</Filter>
    </ClCompile>
    <ClCompile Include="DM_GameLoadManager.cpp">
      <Filter>소스 파일\source</Filter>
    </ClCompile>
    <ClCompile Include="Test_TestObject.cpp">
      <Filter>소스 파일\___TEST___</Filter>
    </ClCompile>
    <ClCompile Include="DM_FMod.cpp">
      <Filter>소스 파일\source</Filter>
    </ClCompile>
    <ClCompile Include="DM_Audio.cpp">
      <Filter>소스 파일\source</Filter>
    </ClCompile>
    <ClCompile Include="DM_AudioComponent.cpp">
      <Filter>소스 파일\source</Filter>
    </ClCompile>
    <ClCompile Include="DM_AudioSource.cpp">
      <Filter>소스 파일\source</Filter>
    </ClCompile>
    <ClCompile Include="DM_AudioListener.cpp">
      <Filter>소스 파일\source</Filter>
    </ClCompile>
    <ClCompile Include="DM_ScriptComponent.cpp">
      <Filter>소스 파일\source</Filter>
    </ClCompile>
    <ClCompile Include="Test_PlayerScript.cpp">
      <Filter>소스 파일\___TEST___</Filter>
    </ClCompile>
    <ClCompile Include="Test_Player.cpp">
      <Filter>소스 파일\___TEST___</Filter>
    </ClCompile>
    <ClCompile Include="DM_RigidBodyComponent.cpp">
      <Filter>소스 파일\source</Filter>
    </ClCompile>
    <ClCompile Include="DM_ColliderComponent.cpp">
      <Filter>소스 파일\source</Filter>
    </ClCompile>
    <ClCompile Include="DM_CollisionManager.cpp">
      <Filter>소스 파일\source</Filter>
    </ClCompile>
    <ClCompile Include="DM_Collider_Box2D.cpp">
      <Filter>소스 파일\source</Filter>
    </ClCompile>
    <ClCompile Include="Test_KeybindComponent.cpp">
      <Filter>소스 파일\___TEST___</Filter>
    </ClCompile>
    <ClCompile Include="Test_GameStateComponent.cpp">
      <Filter>소스 파일\___TEST___</Filter>
    </ClCompile>
    <ClCompile Include="DM_Camera.cpp">
      <Filter>소스 파일\source</Filter>
    </ClCompile>
    <ClCompile Include="DM_EditorScene.cpp">
      <Filter>소스 파일\source</Filter>
    </ClCompile>
    <ClCompile Include="SDV_Pawn.cpp">
      <Filter>소스 파일\__SDV__</Filter>
    </ClCompile>
    <ClCompile Include="SDV_GameStateComponent.cpp">
      <Filter>소스 파일\__SDV__</Filter>
    </ClCompile>
    <ClCompile Include="SDV_KeybindComponent.cpp">
      <Filter>소스 파일\__SDV__</Filter>
    </ClCompile>
    <ClCompile Include="SDV_Player.cpp">
      <Filter>소스 파일\__SDV__</Filter>
    </ClCompile>
    <ClCompile Include="SDV_PlayerScript.cpp">
      <Filter>소스 파일\__SDV__</Filter>
    </ClCompile>
    <ClCompile Include="SDV_TileObject.cpp">
      <Filter>소스 파일\__SDV__</Filter>
    </ClCompile>
    <ClCompile Include="DM_Utility.cpp">
      <Filter>소스 파일\source</Filter>
    </ClCompile>
    <ClCompile Include="SDV_Tree.cpp">
      <Filter>소스 파일\__SDV__</Filter>
    </ClCompile>
    <ClCompile Include="DM_Container2D.cpp">
      <Filter>소스 파일\source</Filter>
    </ClCompile>
    <ClCompile Include="SDV_Tile.cpp">
      <Filter>소스 파일\__SDV__</Filter>
    </ClCompile>
    <ClCompile Include="SDV_OakTree.cpp">
      <Filter>소스 파일\__SDV__</Filter>
    </ClCompile>
    <ClCompile Include="DM_PerformanceChecker.cpp">
      <Filter>소스 파일\source</Filter>
    </ClCompile>
  </ItemGroup>
</Project>