<?xml version="1.0" encoding="utf-8"?>
<Project ToolsVersion="4.0" xmlns="http://schemas.microsoft.com/developer/msbuild/2003">
  <ItemGroup>
    <Filter Include="소스 파일">
      <UniqueIdentifier>{4FC737F1-C7A5-4376-A066-2A32D752A2FF}</UniqueIdentifier>
      <Extensions>cpp;c;cc;cxx;c++;cppm;ixx;def;odl;idl;hpj;bat;asm;asmx</Extensions>
    </Filter>
    <Filter Include="헤더 파일">
      <UniqueIdentifier>{93995380-89BD-4b04-88EB-625FBE52EBFB}</UniqueIdentifier>
      <Extensions>h;hh;hpp;hxx;h++;hm;inl;inc;ipp;xsd</Extensions>
    </Filter>
    <Filter Include="리소스 파일">
      <UniqueIdentifier>{67DA6AB6-F800-4c08-8B7A-83BB121AAD01}</UniqueIdentifier>
      <Extensions>rc;ico;cur;bmp;dlg;rc2;rct;bin;rgs;gif;jpg;jpeg;jpe;resx;tiff;tif;png;wav;mfcribbon-ms</Extensions>
    </Filter>
    <Filter Include="헤더 파일\Frame">
      <UniqueIdentifier>{a5672baf-28c0-425b-96a5-baebdd7876fb}</UniqueIdentifier>
    </Filter>
    <Filter Include="헤더 파일\Utility">
      <UniqueIdentifier>{0af32de0-ea00-418d-9399-6a9828a8b716}</UniqueIdentifier>
    </Filter>
    <Filter Include="헤더 파일\UI">
      <UniqueIdentifier>{b792d9e6-7955-4957-b6cf-b72e49e36525}</UniqueIdentifier>
    </Filter>
  </ItemGroup>
  <ItemGroup>
    <ClInclude Include="framework.h">
      <Filter>헤더 파일</Filter>
    </ClInclude>
    <ClInclude Include="targetver.h">
      <Filter>헤더 파일</Filter>
    </ClInclude>
    <ClInclude Include="Resource.h">
      <Filter>헤더 파일</Filter>
    </ClInclude>
    <ClInclude Include="DM_Engine.h">
      <Filter>헤더 파일\Frame</Filter>
    </ClInclude>
    <ClInclude Include="DM_Window.h">
      <Filter>헤더 파일\Frame</Filter>
    </ClInclude>
    <ClInclude Include="DM_WndProcs.h">
      <Filter>헤더 파일\Utility</Filter>
    </ClInclude>
    <ClInclude Include="DM_Math.h">
      <Filter>헤더 파일\Utility</Filter>
    </ClInclude>
    <ClInclude Include="DM_Application.h">
      <Filter>헤더 파일\Frame</Filter>
    </ClInclude>
    <ClInclude Include="DM_Entity.h">
      <Filter>헤더 파일\Frame</Filter>
    </ClInclude>
    <ClInclude Include="DM_UI_Frame.h">
      <Filter>헤더 파일\UI</Filter>
    </ClInclude>
    <ClInclude Include="DM_UI_Manager.h">
      <Filter>헤더 파일\UI</Filter>
    </ClInclude>
    <ClInclude Include="DM_Enums.h">
      <Filter>헤더 파일\Utility</Filter>
    </ClInclude>
    <ClInclude Include="DM_Input.h">
      <Filter>헤더 파일\Utility</Filter>
    </ClInclude>
    <ClInclude Include="DM_UI_Button.h">
      <Filter>헤더 파일\UI</Filter>
    </ClInclude>
  </ItemGroup>
  <ItemGroup>
    <ClCompile Include="DM_Math.cpp">
      <Filter>소스 파일</Filter>
    </ClCompile>
    <ClCompile Include="DM_Engine.cpp">
      <Filter>소스 파일</Filter>
    </ClCompile>
    <ClCompile Include="DM_Window.cpp">
      <Filter>소스 파일</Filter>
    </ClCompile>
    <ClCompile Include="DM_WndProcs.cpp">
      <Filter>소스 파일</Filter>
    </ClCompile>
    <ClCompile Include="DM_Application.cpp">
      <Filter>소스 파일</Filter>
    </ClCompile>
    <ClCompile Include="DM_UI_Frame.cpp">
      <Filter>소스 파일</Filter>
    </ClCompile>
    <ClCompile Include="DM_UI_Manager.cpp">
      <Filter>소스 파일</Filter>
    </ClCompile>
    <ClCompile Include="DM_Input.cpp">
      <Filter>소스 파일</Filter>
    </ClCompile>
    <ClCompile Include="DM_UI_Button.cpp">
      <Filter>소스 파일</Filter>
    </ClCompile>
  </ItemGroup>
</Project>